// !$*UTF8*$!
{
	archiveVersion = 1;
	classes = {
	};
	objectVersion = 56;
	objects = {

/* Begin PBXBuildFile section */
		06ACA4C82B99B38A002369E4 /* LandmarkBookApp.swift in Sources */ = {isa = PBXBuildFile; fileRef = 06ACA4C72B99B38A002369E4 /* LandmarkBookApp.swift */; };
		06ACA4CA2B99B38A002369E4 /* DetailsView.swift in Sources */ = {isa = PBXBuildFile; fileRef = 06ACA4C92B99B38A002369E4 /* DetailsView.swift */; };
		06ACA4CC2B99B38C002369E4 /* Assets.xcassets in Resources */ = {isa = PBXBuildFile; fileRef = 06ACA4CB2B99B38C002369E4 /* Assets.xcassets */; };
		06ACA4CF2B99B38C002369E4 /* Preview Assets.xcassets in Resources */ = {isa = PBXBuildFile; fileRef = 06ACA4CE2B99B38C002369E4 /* Preview Assets.xcassets */; };
		06ACA4D62B99B3FF002369E4 /* LandmarkBookModel.swift in Sources */ = {isa = PBXBuildFile; fileRef = 06ACA4D52B99B3FF002369E4 /* LandmarkBookModel.swift */; };
		06ACA4DC2B99BA50002369E4 /* MapView.swift in Sources */ = {isa = PBXBuildFile; fileRef = 06ACA4DB2B99BA50002369E4 /* MapView.swift */; };
		06ACA4DE2B99BEF9002369E4 /* CircleImageView.swift in Sources */ = {isa = PBXBuildFile; fileRef = 06ACA4DD2B99BEF9002369E4 /* CircleImageView.swift */; };
		06ACA4E02B99C64A002369E4 /* LandmarkListView.swift in Sources */ = {isa = PBXBuildFile; fileRef = 06ACA4DF2B99C64A002369E4 /* LandmarkListView.swift */; };
		06ACA4E22B99C83D002369E4 /* LandmarkListRow.swift in Sources */ = {isa = PBXBuildFile; fileRef = 06ACA4E12B99C83D002369E4 /* LandmarkListRow.swift */; };
		06ACA4E42B99C9F1002369E4 /* LandmarkListRowImage.swift in Sources */ = {isa = PBXBuildFile; fileRef = 06ACA4E32B99C9F1002369E4 /* LandmarkListRowImage.swift */; };
/* End PBXBuildFile section */

/* Begin PBXFileReference section */
		06ACA4C42B99B38A002369E4 /* LandmarkBook.app */ = {isa = PBXFileReference; explicitFileType = wrapper.application; includeInIndex = 0; path = LandmarkBook.app; sourceTree = BUILT_PRODUCTS_DIR; };
		06ACA4C72B99B38A002369E4 /* LandmarkBookApp.swift */ = {isa = PBXFileReference; lastKnownFileType = sourcecode.swift; path = LandmarkBookApp.swift; sourceTree = "<group>"; };
		06ACA4C92B99B38A002369E4 /* DetailsView.swift */ = {isa = PBXFileReference; lastKnownFileType = sourcecode.swift; path = DetailsView.swift; sourceTree = "<group>"; };
		06ACA4CB2B99B38C002369E4 /* Assets.xcassets */ = {isa = PBXFileReference; lastKnownFileType = folder.assetcatalog; path = Assets.xcassets; sourceTree = "<group>"; };
		06ACA4CE2B99B38C002369E4 /* Preview Assets.xcassets */ = {isa = PBXFileReference; lastKnownFileType = folder.assetcatalog; path = "Preview Assets.xcassets"; sourceTree = "<group>"; };
		06ACA4D52B99B3FF002369E4 /* LandmarkBookModel.swift */ = {isa = PBXFileReference; lastKnownFileType = sourcecode.swift; path = LandmarkBookModel.swift; sourceTree = "<group>"; };
		06ACA4DB2B99BA50002369E4 /* MapView.swift */ = {isa = PBXFileReference; lastKnownFileType = sourcecode.swift; path = MapView.swift; sourceTree = "<group>"; };
		06ACA4DD2B99BEF9002369E4 /* CircleImageView.swift */ = {isa = PBXFileReference; lastKnownFileType = sourcecode.swift; path = CircleImageView.swift; sourceTree = "<group>"; };
		06ACA4DF2B99C64A002369E4 /* LandmarkListView.swift */ = {isa = PBXFileReference; lastKnownFileType = sourcecode.swift; path = LandmarkListView.swift; sourceTree = "<group>"; };
		06ACA4E12B99C83D002369E4 /* LandmarkListRow.swift */ = {isa = PBXFileReference; lastKnownFileType = sourcecode.swift; path = LandmarkListRow.swift; sourceTree = "<group>"; };
		06ACA4E32B99C9F1002369E4 /* LandmarkListRowImage.swift */ = {isa = PBXFileReference; lastKnownFileType = sourcecode.swift; path = LandmarkListRowImage.swift; sourceTree = "<group>"; };
/* End PBXFileReference section */

/* Begin PBXFrameworksBuildPhase section */
		06ACA4C12B99B38A002369E4 /* Frameworks */ = {
			isa = PBXFrameworksBuildPhase;
			buildActionMask = 2147483647;
			files = (
			);
			runOnlyForDeploymentPostprocessing = 0;
		};
/* End PBXFrameworksBuildPhase section */

/* Begin PBXGroup section */
		06ACA4BB2B99B38A002369E4 = {
			isa = PBXGroup;
			children = (
				06ACA4C62B99B38A002369E4 /* LandmarkBook */,
				06ACA4C52B99B38A002369E4 /* Products */,
			);
			sourceTree = "<group>";
		};
		06ACA4C52B99B38A002369E4 /* Products */ = {
			isa = PBXGroup;
			children = (
				06ACA4C42B99B38A002369E4 /* LandmarkBook.app */,
			);
			name = Products;
			sourceTree = "<group>";
		};
		06ACA4C62B99B38A002369E4 /* LandmarkBook */ = {
			isa = PBXGroup;
			children = (
				06ACA4C72B99B38A002369E4 /* LandmarkBookApp.swift */,
				06ACA4C92B99B38A002369E4 /* DetailsView.swift */,
				06ACA4CB2B99B38C002369E4 /* Assets.xcassets */,
				06ACA4CD2B99B38C002369E4 /* Preview Content */,
				06ACA4D52B99B3FF002369E4 /* LandmarkBookModel.swift */,
				06ACA4DB2B99BA50002369E4 /* MapView.swift */,
				06ACA4DD2B99BEF9002369E4 /* CircleImageView.swift */,
				06ACA4DF2B99C64A002369E4 /* LandmarkListView.swift */,
				06ACA4E12B99C83D002369E4 /* LandmarkListRow.swift */,
				06ACA4E32B99C9F1002369E4 /* LandmarkListRowImage.swift */,
			);
			path = LandmarkBook;
			sourceTree = "<group>";
		};
		06ACA4CD2B99B38C002369E4 /* Preview Content */ = {
			isa = PBXGroup;
			children = (
				06ACA4CE2B99B38C002369E4 /* Preview Assets.xcassets */,
			);
			path = "Preview Content";
			sourceTree = "<group>";
		};
/* End PBXGroup section */

/* Begin PBXNativeTarget section */
		06ACA4C32B99B38A002369E4 /* LandmarkBook */ = {
			isa = PBXNativeTarget;
			buildConfigurationList = 06ACA4D22B99B38C002369E4 /* Build configuration list for PBXNativeTarget "LandmarkBook" */;
			buildPhases = (
				06ACA4C02B99B38A002369E4 /* Sources */,
				06ACA4C12B99B38A002369E4 /* Frameworks */,
				06ACA4C22B99B38A002369E4 /* Resources */,
			);
			buildRules = (
			);
			dependencies = (
			);
			name = LandmarkBook;
			productName = LandmarkBook;
			productReference = 06ACA4C42B99B38A002369E4 /* LandmarkBook.app */;
			productType = "com.apple.product-type.application";
		};
/* End PBXNativeTarget section */

/* Begin PBXProject section */
		06ACA4BC2B99B38A002369E4 /* Project object */ = {
			isa = PBXProject;
			attributes = {
				BuildIndependentTargetsInParallel = 1;
				LastSwiftUpdateCheck = 1520;
				LastUpgradeCheck = 1520;
				TargetAttributes = {
					06ACA4C32B99B38A002369E4 = {
						CreatedOnToolsVersion = 15.2;
					};
				};
			};
			buildConfigurationList = 06ACA4BF2B99B38A002369E4 /* Build configuration list for PBXProject "LandmarkBook" */;
			compatibilityVersion = "Xcode 14.0";
			developmentRegion = en;
			hasScannedForEncodings = 0;
			knownRegions = (
				en,
				Base,
			);
			mainGroup = 06ACA4BB2B99B38A002369E4;
			productRefGroup = 06ACA4C52B99B38A002369E4 /* Products */;
			projectDirPath = "";
			projectRoot = "";
			targets = (
				06ACA4C32B99B38A002369E4 /* LandmarkBook */,
			);
		};
/* End PBXProject section */

/* Begin PBXResourcesBuildPhase section */
		06ACA4C22B99B38A002369E4 /* Resources */ = {
			isa = PBXResourcesBuildPhase;
			buildActionMask = 2147483647;
			files = (
				06ACA4CF2B99B38C002369E4 /* Preview Assets.xcassets in Resources */,
				06ACA4CC2B99B38C002369E4 /* Assets.xcassets in Resources */,
			);
			runOnlyForDeploymentPostprocessing = 0;
		};
/* End PBXResourcesBuildPhase section */

/* Begin PBXSourcesBuildPhase section */
		06ACA4C02B99B38A002369E4 /* Sources */ = {
			isa = PBXSourcesBuildPhase;
			buildActionMask = 2147483647;
			files = (
				06ACA4D62B99B3FF002369E4 /* LandmarkBookModel.swift in Sources */,
				06ACA4DC2B99BA50002369E4 /* MapView.swift in Sources */,
				06ACA4CA2B99B38A002369E4 /* DetailsView.swift in Sources */,
				06ACA4DE2B99BEF9002369E4 /* CircleImageView.swift in Sources */,
				06ACA4E22B99C83D002369E4 /* LandmarkListRow.swift in Sources */,
				06ACA4E02B99C64A002369E4 /* LandmarkListView.swift in Sources */,
				06ACA4E42B99C9F1002369E4 /* LandmarkListRowImage.swift in Sources */,
				06ACA4C82B99B38A002369E4 /* LandmarkBookApp.swift in Sources */,
			);
			runOnlyForDeploymentPostprocessing = 0;
		};
/* End PBXSourcesBuildPhase section */

/* Begin XCBuildConfiguration section */
		06ACA4D02B99B38C002369E4 /* Debug */ = {
			isa = XCBuildConfiguration;
			buildSettings = {
				ALWAYS_SEARCH_USER_PATHS = NO;
				ASSETCATALOG_COMPILER_GENERATE_SWIFT_ASSET_SYMBOL_EXTENSIONS = YES;
				CLANG_ANALYZER_NONNULL = YES;
				CLANG_ANALYZER_NUMBER_OBJECT_CONVERSION = YES_AGGRESSIVE;
				CLANG_CXX_LANGUAGE_STANDARD = "gnu++20";
				CLANG_ENABLE_MODULES = YES;
				CLANG_ENABLE_OBJC_ARC = YES;
				CLANG_ENABLE_OBJC_WEAK = YES;
				CLANG_WARN_BLOCK_CAPTURE_AUTORELEASING = YES;
				CLANG_WARN_BOOL_CONVERSION = YES;
				CLANG_WARN_COMMA = YES;
				CLANG_WARN_CONSTANT_CONVERSION = YES;
				CLANG_WARN_DEPRECATED_OBJC_IMPLEMENTATIONS = YES;
				CLANG_WARN_DIRECT_OBJC_ISA_USAGE = YES_ERROR;
				CLANG_WARN_DOCUMENTATION_COMMENTS = YES;
				CLANG_WARN_EMPTY_BODY = YES;
				CLANG_WARN_ENUM_CONVERSION = YES;
				CLANG_WARN_INFINITE_RECURSION = YES;
				CLANG_WARN_INT_CONVERSION = YES;
				CLANG_WARN_NON_LITERAL_NULL_CONVERSION = YES;
				CLANG_WARN_OBJC_IMPLICIT_RETAIN_SELF = YES;
				CLANG_WARN_OBJC_LITERAL_CONVERSION = YES;
				CLANG_WARN_OBJC_ROOT_CLASS = YES_ERROR;
				CLANG_WARN_QUOTED_INCLUDE_IN_FRAMEWORK_HEADER = YES;
				CLANG_WARN_RANGE_LOOP_ANALYSIS = YES;
				CLANG_WARN_STRICT_PROTOTYPES = YES;
				CLANG_WARN_SUSPICIOUS_MOVE = YES;
				CLANG_WARN_UNGUARDED_AVAILABILITY = YES_AGGRESSIVE;
				CLANG_WARN_UNREACHABLE_CODE = YES;
				CLANG_WARN__DUPLICATE_METHOD_MATCH = YES;
				COPY_PHASE_STRIP = NO;
				DEBUG_INFORMATION_FORMAT = dwarf;
				ENABLE_STRICT_OBJC_MSGSEND = YES;
				ENABLE_TESTABILITY = YES;
				ENABLE_USER_SCRIPT_SANDBOXING = YES;
				GCC_C_LANGUAGE_STANDARD = gnu17;
				GCC_DYNAMIC_NO_PIC = NO;
				GCC_NO_COMMON_BLOCKS = YES;
				GCC_OPTIMIZATION_LEVEL = 0;
				GCC_PREPROCESSOR_DEFINITIONS = (
					"DEBUG=1",
					"$(inherited)",
				);
				GCC_WARN_64_TO_32_BIT_CONVERSION = YES;
				GCC_WARN_ABOUT_RETURN_TYPE = YES_ERROR;
				GCC_WARN_UNDECLARED_SELECTOR = YES;
				GCC_WARN_UNINITIALIZED_AUTOS = YES_AGGRESSIVE;
				GCC_WARN_UNUSED_FUNCTION = YES;
				GCC_WARN_UNUSED_VARIABLE = YES;
				IPHONEOS_DEPLOYMENT_TARGET = 17.2;
				LOCALIZATION_PREFERS_STRING_CATALOGS = YES;
				MTL_ENABLE_DEBUG_INFO = INCLUDE_SOURCE;
				MTL_FAST_MATH = YES;
				ONLY_ACTIVE_ARCH = YES;
				SDKROOT = iphoneos;
				SWIFT_ACTIVE_COMPILATION_CONDITIONS = "DEBUG $(inherited)";
				SWIFT_OPTIMIZATION_LEVEL = "-Onone";
			};
			name = Debug;
		};
		06ACA4D12B99B38C002369E4 /* Release */ = {
			isa = XCBuildConfiguration;
			buildSettings = {
				ALWAYS_SEARCH_USER_PATHS = NO;
				ASSETCATALOG_COMPILER_GENERATE_SWIFT_ASSET_SYMBOL_EXTENSIONS = YES;
				CLANG_ANALYZER_NONNULL = YES;
				CLANG_ANALYZER_NUMBER_OBJECT_CONVERSION = YES_AGGRESSIVE;
				CLANG_CXX_LANGUAGE_STANDARD = "gnu++20";
				CLANG_ENABLE_MODULES = YES;
				CLANG_ENABLE_OBJC_ARC = YES;
				CLANG_ENABLE_OBJC_WEAK = YES;
				CLANG_WARN_BLOCK_CAPTURE_AUTORELEASING = YES;
				CLANG_WARN_BOOL_CONVERSION = YES;
				CLANG_WARN_COMMA = YES;
				CLANG_WARN_CONSTANT_CONVERSION = YES;
				CLANG_WARN_DEPRECATED_OBJC_IMPLEMENTATIONS = YES;
				CLANG_WARN_DIRECT_OBJC_ISA_USAGE = YES_ERROR;
				CLANG_WARN_DOCUMENTATION_COMMENTS = YES;
				CLANG_WARN_EMPTY_BODY = YES;
				CLANG_WARN_ENUM_CONVERSION = YES;
				CLANG_WARN_INFINITE_RECURSION = YES;
				CLANG_WARN_INT_CONVERSION = YES;
				CLANG_WARN_NON_LITERAL_NULL_CONVERSION = YES;
				CLANG_WARN_OBJC_IMPLICIT_RETAIN_SELF = YES;
				CLANG_WARN_OBJC_LITERAL_CONVERSION = YES;
				CLANG_WARN_OBJC_ROOT_CLASS = YES_ERROR;
				CLANG_WARN_QUOTED_INCLUDE_IN_FRAMEWORK_HEADER = YES;
				CLANG_WARN_RANGE_LOOP_ANALYSIS = YES;
				CLANG_WARN_STRICT_PROTOTYPES = YES;
				CLANG_WARN_SUSPICIOUS_MOVE = YES;
				CLANG_WARN_UNGUARDED_AVAILABILITY = YES_AGGRESSIVE;
				CLANG_WARN_UNREACHABLE_CODE = YES;
				CLANG_WARN__DUPLICATE_METHOD_MATCH = YES;
				COPY_PHASE_STRIP = NO;
				DEBUG_INFORMATION_FORMAT = "dwarf-with-dsym";
				ENABLE_NS_ASSERTIONS = NO;
				ENABLE_STRICT_OBJC_MSGSEND = YES;
				ENABLE_USER_SCRIPT_SANDBOXING = YES;
				GCC_C_LANGUAGE_STANDARD = gnu17;
				GCC_NO_COMMON_BLOCKS = YES;
				GCC_WARN_64_TO_32_BIT_CONVERSION = YES;
				GCC_WARN_ABOUT_RETURN_TYPE = YES_ERROR;
				GCC_WARN_UNDECLARED_SELECTOR = YES;
				GCC_WARN_UNINITIALIZED_AUTOS = YES_AGGRESSIVE;
				GCC_WARN_UNUSED_FUNCTION = YES;
				GCC_WARN_UNUSED_VARIABLE = YES;
				IPHONEOS_DEPLOYMENT_TARGET = 17.2;
				LOCALIZATION_PREFERS_STRING_CATALOGS = YES;
				MTL_ENABLE_DEBUG_INFO = NO;
				MTL_FAST_MATH = YES;
				SDKROOT = iphoneos;
				SWIFT_COMPILATION_MODE = wholemodule;
				VALIDATE_PRODUCT = YES;
			};
			name = Release;
		};
		06ACA4D32B99B38C002369E4 /* Debug */ = {
			isa = XCBuildConfiguration;
			buildSettings = {
				ASSETCATALOG_COMPILER_APPICON_NAME = AppIcon;
				ASSETCATALOG_COMPILER_GLOBAL_ACCENT_COLOR_NAME = AccentColor;
				CODE_SIGN_STYLE = Automatic;
				CURRENT_PROJECT_VERSION = 1;
				DEVELOPMENT_ASSET_PATHS = "\"LandmarkBook/Preview Content\"";
				DEVELOPMENT_TEAM = 5449ULDJ2H;
				ENABLE_PREVIEWS = YES;
				GENERATE_INFOPLIST_FILE = YES;
				INFOPLIST_KEY_UIApplicationSceneManifest_Generation = YES;
				INFOPLIST_KEY_UIApplicationSupportsIndirectInputEvents = YES;
				INFOPLIST_KEY_UILaunchScreen_Generation = YES;
				INFOPLIST_KEY_UISupportedInterfaceOrientations_iPad = "UIInterfaceOrientationPortrait UIInterfaceOrientationPortraitUpsideDown UIInterfaceOrientationLandscapeLeft UIInterfaceOrientationLandscapeRight";
				INFOPLIST_KEY_UISupportedInterfaceOrientations_iPhone = "UIInterfaceOrientationPortrait UIInterfaceOrientationLandscapeLeft UIInterfaceOrientationLandscapeRight";
				LD_RUNPATH_SEARCH_PATHS = (
					"$(inherited)",
					"@executable_path/Frameworks",
				);
				MARKETING_VERSION = 1.0;
				PRODUCT_BUNDLE_IDENTIFIER = com.firatguler.LandmarkBook;
				PRODUCT_NAME = "$(TARGET_NAME)";
				SWIFT_EMIT_LOC_STRINGS = YES;
				SWIFT_VERSION = 5.0;
				TARGETED_DEVICE_FAMILY = "1,2";
			};
			name = Debug;
		};
		06ACA4D42B99B38C002369E4 /* Release */ = {
			isa = XCBuildConfiguration;
			buildSettings = {
				ASSETCATALOG_COMPILER_APPICON_NAME = AppIcon;
				ASSETCATALOG_COMPILER_GLOBAL_ACCENT_COLOR_NAME = AccentColor;
				CODE_SIGN_STYLE = Automatic;
				CURRENT_PROJECT_VERSION = 1;
				DEVELOPMENT_ASSET_PATHS = "\"LandmarkBook/Preview Content\"";
				DEVELOPMENT_TEAM = 5449ULDJ2H;
				ENABLE_PREVIEWS = YES;
				GENERATE_INFOPLIST_FILE = YES;
				INFOPLIST_KEY_UIApplicationSceneManifest_Generation = YES;
				INFOPLIST_KEY_UIApplicationSupportsIndirectInputEvents = YES;
				INFOPLIST_KEY_UILaunchScreen_Generation = YES;
				INFOPLIST_KEY_UISupportedInterfaceOrientations_iPad = "UIInterfaceOrientationPortrait UIInterfaceOrientationPortraitUpsideDown UIInterfaceOrientationLandscapeLeft UIInterfaceOrientationLandscapeRight";
				INFOPLIST_KEY_UISupportedInterfaceOrientations_iPhone = "UIInterfaceOrientationPortrait UIInterfaceOrientationLandscapeLeft UIInterfaceOrientationLandscapeRight";
				LD_RUNPATH_SEARCH_PATHS = (
					"$(inherited)",
					"@executable_path/Frameworks",
				);
				MARKETING_VERSION = 1.0;
				PRODUCT_BUNDLE_IDENTIFIER = com.firatguler.LandmarkBook;
				PRODUCT_NAME = "$(TARGET_NAME)";
				SWIFT_EMIT_LOC_STRINGS = YES;
				SWIFT_VERSION = 5.0;
				TARGETED_DEVICE_FAMILY = "1,2";
			};
			name = Release;
		};
/* End XCBuildConfiguration section */

/* Begin XCConfigurationList section */
		06ACA4BF2B99B38A002369E4 /* Build configuration list for PBXProject "LandmarkBook" */ = {
			isa = XCConfigurationList;
			buildConfigurations = (
				06ACA4D02B99B38C002369E4 /* Debug */,
				06ACA4D12B99B38C002369E4 /* Release */,
			);
			defaultConfigurationIsVisible = 0;
			defaultConfigurationName = Release;
		};
		06ACA4D22B99B38C002369E4 /* Build configuration list for PBXNativeTarget "LandmarkBook" */ = {
			isa = XCConfigurationList;
			buildConfigurations = (
				06ACA4D32B99B38C002369E4 /* Debug */,
				06ACA4D42B99B38C002369E4 /* Release */,
			);
			defaultConfigurationIsVisible = 0;
			defaultConfigurationName = Release;
		};
/* End XCConfigurationList section */
	};
	rootObject = 06ACA4BC2B99B38A002369E4 /* Project object */;
}
